PODS:
  - Alamofire (3.4.1)
  - FoldingCell (1.0.0)
  - RxAlamofire (2.5):
    - RxAlamofire/Core (= 2.5)
  - RxAlamofire/Core (2.5):
    - Alamofire (~> 3.4)
    - RxSwift (~> 2.5)
  - RxCocoa (2.6.0):
    - RxSwift (~> 2.5)
  - RxDataSources (0.9):
    - RxCocoa (~> 2.2)
    - RxSwift (~> 2.2)
  - RxSwift (2.6.0)
  - SDWebImage (3.8.1):
    - SDWebImage/Core (= 3.8.1)
  - SDWebImage/Core (3.8.1)
  - SwiftyJSON (2.3.2)

DEPENDENCIES:
  - FoldingCell
  - RxAlamofire (~> 2.5)
  - RxCocoa (~> 2.0)
  - RxDataSources (~> 0.9)
  - RxSwift (~> 2.6)
  - SDWebImage (~> 3.8)
  - SwiftyJSON (~> 2.3)

SPEC CHECKSUMS:
  Alamofire: 01a82e2f6c0f860ade35534c8dd88be61bdef40c
  FoldingCell: ca0b0f73a853143bf7d968c04a6604d25fbf1af7
  RxAlamofire: b4572a077b6b2410c8732a27266299df4c00736e
  RxCocoa: 89ab00d5753502520227940e3a0e0a0413683c6b
  RxDataSources: e169bba94a7be584df7c1e1487fa56edc8753ae6
  RxSwift: 77f3a0b15324baa7a1c9bfa9f199648a82424e26
  SDWebImage: 35f9627a3e44b4f292a8a8ce6a531fa488239b91
  SwiftyJSON: 04ccea08915aa0109039157c7974cf0298da292a

PODFILE CHECKSUM: bc03d72096faaecbad9ca47503a344684160c4a7

COCOAPODS: 1.0.1
